<?xml version="1.0" encoding="utf-8"?>
<Project ToolsVersion="4.0" xmlns="http://schemas.microsoft.com/developer/msbuild/2003">
  <ItemGroup>
    <ClCompile Include="..\shared\config_file.cpp" />
    <ClCompile Include="..\shared\ntp_client.cpp" />
    <ClCompile Include="..\shared\wifi_ap.cpp" />
    <ClCompile Include="..\shared\wifi_station.cpp" />
    <ClCompile Include="display.cpp" />
    <ClCompile Include="display_data.cpp" />
    <ClCompile Include="DS1307RTC.cpp" />
    <ClCompile Include="sensor_data.cpp" />
    <ClCompile Include="weather_station_base_class.cpp" />
  </ItemGroup>
  <ItemGroup>
    <ClInclude Include="..\include\ws_common.h" />
    <ClInclude Include="..\shared\config_file.h" />
    <ClInclude Include="..\shared\ntp_client.h" />
    <ClInclude Include="..\shared\OOWebServer.h" />
    <ClInclude Include="..\shared\wifi_ap.h" />
    <ClInclude Include="..\shared\wifi_station.h" />
    <ClInclude Include="display.h" />
    <ClInclude Include="display_data.h" />
    <ClInclude Include="DS1307RTC.h" />
    <ClInclude Include="sensor_data.h" />
    <ClInclude Include="weather_station_base_class.h" />
    <ClInclude Include="__vm\.weather_station_base.vsarduino.h" />
  </ItemGroup>
  <ItemGroup>
    <None Include="index.html" />
    <None Include="time.html" />
    <None Include="weather_station_base.ino" />
    <None Include="wifi_config.html" />
  </ItemGroup>
</Project>