
Microsoft Visual Studio Solution File, Format Version 12.00
# Visual Studio 14
VisualStudioVersion = 14.0.23107.0
MinimumVisualStudioVersion = 10.0.40219.1
Project("{8BC9CEB8-8B4A-11D0-8D11-00A0C91BC942}") = "weather_station_base", "weather_station_base\weather_station_base.vcxproj", "{C5F80730-F44F-4478-BDAE-6634EFC2CA88}"
EndProject
Project("{8BC9CEB8-8B4A-11D0-8D11-00A0C91BC942}") = "esp8266_weather_station_remote", "esp8266_weather_station_remote\esp8266_weather_station_remote.vcxproj", "{ECC6FA14-7C84-4662-B533-608AA1CD9669}"
EndProject
Global
	GlobalSection(SolutionConfigurationPlatforms) = preSolution
		Debug|x86 = Debug|x86
		Release|x86 = Release|x86
	EndGlobalSection
	GlobalSection(ProjectConfigurationPlatforms) = postSolution
		{C5F80730-F44F-4478-BDAE-6634EFC2CA88}.Debug|x86.ActiveCfg = Debug|Win32
		{C5F80730-F44F-4478-BDAE-6634EFC2CA88}.Debug|x86.Build.0 = Debug|Win32
		{C5F80730-F44F-4478-BDAE-6634EFC2CA88}.Release|x86.ActiveCfg = Release|Win32
		{C5F80730-F44F-4478-BDAE-6634EFC2CA88}.Release|x86.Build.0 = Release|Win32
		{ECC6FA14-7C84-4662-B533-608AA1CD9669}.Debug|x86.ActiveCfg = Debug|Win32
		{ECC6FA14-7C84-4662-B533-608AA1CD9669}.Debug|x86.Build.0 = Debug|Win32
		{ECC6FA14-7C84-4662-B533-608AA1CD9669}.Release|x86.ActiveCfg = Release|Win32
		{ECC6FA14-7C84-4662-B533-608AA1CD9669}.Release|x86.Build.0 = Release|Win32
	EndGlobalSection
	GlobalSection(SolutionProperties) = preSolution
		HideSolutionNode = FALSE
	EndGlobalSection
EndGlobal
