
Microsoft Visual Studio Solution File, Format Version 12.00
# Visual Studio 14
VisualStudioVersion = 14.0.23107.0
MinimumVisualStudioVersion = 10.0.40219.1
Project("{8BC9CEB8-8B4A-11D0-8D11-00A0C91BC942}") = "weather_station_base", "weather_station_base\weather_station_base.vcxproj", "{C5F80730-F44F-4478-BDAE-6634EFC2CA88}"
EndProject
Project("{8BC9CEB8-8B4A-11D0-8D11-00A0C91BC942}") = "esp8266_weather_station_remote", "esp8266_weather_station_remote\esp8266_weather_station_remote.vcxproj", "{ECC6FA14-7C84-4662-B533-608AA1CD9669}"
EndProject
Project("{8BC9CEB8-8B4A-11D0-8D11-00A0C91BC942}") = "simple_web_server", "simple_web_server\simple_web_server.vcxproj", "{F3BC6A40-8C85-41C6-BAE0-4AD72586BC82}"
EndProject
Project("{8BC9CEB8-8B4A-11D0-8D11-00A0C91BC942}") = "esp8266_test_web_server", "esp8266_test_web_server\esp8266_test_web_server.vcxproj", "{EC621764-9D9C-4025-AF43-AD52BB67A54F}"
EndProject
Project("{8BC9CEB8-8B4A-11D0-8D11-00A0C91BC942}") = "esp8266_sim", "esp8266_sim\esp8266_sim.vcxproj", "{5506FD00-929B-475B-90AE-D62F20E3E27E}"
EndProject
Project("{8BC9CEB8-8B4A-11D0-8D11-00A0C91BC942}") = "esp8266_test_web_server_sim", "esp8266_test_web_server_sim\esp8266_test_web_server_sim.vcxproj", "{2994CE42-43E4-4B28-BDFC-0F0038A69510}"
EndProject
Global
	GlobalSection(SolutionConfigurationPlatforms) = preSolution
		Debug|x64 = Debug|x64
		Debug|x86 = Debug|x86
		Release|x64 = Release|x64
		Release|x86 = Release|x86
	EndGlobalSection
	GlobalSection(ProjectConfigurationPlatforms) = postSolution
		{C5F80730-F44F-4478-BDAE-6634EFC2CA88}.Debug|x64.ActiveCfg = Debug|Win32
		{C5F80730-F44F-4478-BDAE-6634EFC2CA88}.Debug|x86.ActiveCfg = Debug|Win32
		{C5F80730-F44F-4478-BDAE-6634EFC2CA88}.Debug|x86.Build.0 = Debug|Win32
		{C5F80730-F44F-4478-BDAE-6634EFC2CA88}.Release|x64.ActiveCfg = Release|Win32
		{C5F80730-F44F-4478-BDAE-6634EFC2CA88}.Release|x86.ActiveCfg = Release|Win32
		{C5F80730-F44F-4478-BDAE-6634EFC2CA88}.Release|x86.Build.0 = Release|Win32
		{ECC6FA14-7C84-4662-B533-608AA1CD9669}.Debug|x64.ActiveCfg = Debug|Win32
		{ECC6FA14-7C84-4662-B533-608AA1CD9669}.Debug|x86.ActiveCfg = Debug|Win32
		{ECC6FA14-7C84-4662-B533-608AA1CD9669}.Debug|x86.Build.0 = Debug|Win32
		{ECC6FA14-7C84-4662-B533-608AA1CD9669}.Release|x64.ActiveCfg = Release|Win32
		{ECC6FA14-7C84-4662-B533-608AA1CD9669}.Release|x86.ActiveCfg = Release|Win32
		{ECC6FA14-7C84-4662-B533-608AA1CD9669}.Release|x86.Build.0 = Release|Win32
		{F3BC6A40-8C85-41C6-BAE0-4AD72586BC82}.Debug|x64.ActiveCfg = Debug|x64
		{F3BC6A40-8C85-41C6-BAE0-4AD72586BC82}.Debug|x64.Build.0 = Debug|x64
		{F3BC6A40-8C85-41C6-BAE0-4AD72586BC82}.Debug|x86.ActiveCfg = Debug|Win32
		{F3BC6A40-8C85-41C6-BAE0-4AD72586BC82}.Debug|x86.Build.0 = Debug|Win32
		{F3BC6A40-8C85-41C6-BAE0-4AD72586BC82}.Release|x64.ActiveCfg = Release|x64
		{F3BC6A40-8C85-41C6-BAE0-4AD72586BC82}.Release|x64.Build.0 = Release|x64
		{F3BC6A40-8C85-41C6-BAE0-4AD72586BC82}.Release|x86.ActiveCfg = Release|Win32
		{F3BC6A40-8C85-41C6-BAE0-4AD72586BC82}.Release|x86.Build.0 = Release|Win32
		{EC621764-9D9C-4025-AF43-AD52BB67A54F}.Debug|x64.ActiveCfg = Debug|Win32
		{EC621764-9D9C-4025-AF43-AD52BB67A54F}.Debug|x86.ActiveCfg = Debug|Win32
		{EC621764-9D9C-4025-AF43-AD52BB67A54F}.Debug|x86.Build.0 = Debug|Win32
		{EC621764-9D9C-4025-AF43-AD52BB67A54F}.Release|x64.ActiveCfg = Release|Win32
		{EC621764-9D9C-4025-AF43-AD52BB67A54F}.Release|x86.ActiveCfg = Release|Win32
		{EC621764-9D9C-4025-AF43-AD52BB67A54F}.Release|x86.Build.0 = Release|Win32
		{5506FD00-929B-475B-90AE-D62F20E3E27E}.Debug|x64.ActiveCfg = Debug|x64
		{5506FD00-929B-475B-90AE-D62F20E3E27E}.Debug|x64.Build.0 = Debug|x64
		{5506FD00-929B-475B-90AE-D62F20E3E27E}.Debug|x86.ActiveCfg = Debug|Win32
		{5506FD00-929B-475B-90AE-D62F20E3E27E}.Debug|x86.Build.0 = Debug|Win32
		{5506FD00-929B-475B-90AE-D62F20E3E27E}.Release|x64.ActiveCfg = Release|x64
		{5506FD00-929B-475B-90AE-D62F20E3E27E}.Release|x64.Build.0 = Release|x64
		{5506FD00-929B-475B-90AE-D62F20E3E27E}.Release|x86.ActiveCfg = Release|Win32
		{5506FD00-929B-475B-90AE-D62F20E3E27E}.Release|x86.Build.0 = Release|Win32
		{2994CE42-43E4-4B28-BDFC-0F0038A69510}.Debug|x64.ActiveCfg = Debug|x64
		{2994CE42-43E4-4B28-BDFC-0F0038A69510}.Debug|x64.Build.0 = Debug|x64
		{2994CE42-43E4-4B28-BDFC-0F0038A69510}.Debug|x86.ActiveCfg = Debug|Win32
		{2994CE42-43E4-4B28-BDFC-0F0038A69510}.Debug|x86.Build.0 = Debug|Win32
		{2994CE42-43E4-4B28-BDFC-0F0038A69510}.Release|x64.ActiveCfg = Release|x64
		{2994CE42-43E4-4B28-BDFC-0F0038A69510}.Release|x64.Build.0 = Release|x64
		{2994CE42-43E4-4B28-BDFC-0F0038A69510}.Release|x86.ActiveCfg = Release|Win32
		{2994CE42-43E4-4B28-BDFC-0F0038A69510}.Release|x86.Build.0 = Release|Win32
	EndGlobalSection
	GlobalSection(SolutionProperties) = preSolution
		HideSolutionNode = FALSE
	EndGlobalSection
EndGlobal
